
Microsoft Visual Studio Solution File, Format Version 12.00
# Visual Studio Version 17
VisualStudioVersion = 17.9.34728.123
MinimumVisualStudioVersion = 10.0.40219.1
Project("{888888A0-9F3D-457C-B088-3A5042F75D52}") = "LPC_Storyboard_Script", "LPC_Storyboard_Script\LPC_Storyboard_Script.pyproj", "{F13D88E4-E415-4AAC-A350-228025208CF5}"
EndProject
Global
	GlobalSection(SolutionConfigurationPlatforms) = preSolution
		Debug|Any CPU = Debug|Any CPU
		Release|Any CPU = Release|Any CPU
	EndGlobalSection
	GlobalSection(ProjectConfigurationPlatforms) = postSolution
		{F13D88E4-E415-4AAC-A350-228025208CF5}.Debug|Any CPU.ActiveCfg = Debug|Any CPU
		{F13D88E4-E415-4AAC-A350-228025208CF5}.Release|Any CPU.ActiveCfg = Release|Any CPU
	EndGlobalSection
	GlobalSection(SolutionProperties) = preSolution
		HideSolutionNode = FALSE
	EndGlobalSection
	GlobalSection(ExtensibilityGlobals) = postSolution
		SolutionGuid = {0B7AC32A-D7EE-43D7-8FF6-D923EF2AB2CB}
	EndGlobalSection
EndGlobal
